
Microsoft Visual Studio Solution File, Format Version 12.00
# Visual Studio Version 17
VisualStudioVersion = 17.4.33110.190
MinimumVisualStudioVersion = 10.0.40219.1
Project("{FAE04EC0-301F-11D3-BF4B-00C04F79EFBC}") = "TaskDependencyManagement", "TaskDependencyManagement.csproj", "{86D7B6D4-762C-49EA-9FC9-5B39A4001548}"
EndProject
Global
	GlobalSection(SolutionConfigurationPlatforms) = preSolution
		Debug|Any CPU = Debug|Any CPU
		Release|Any CPU = Release|Any CPU
	EndGlobalSection
	GlobalSection(ProjectConfigurationPlatforms) = postSolution
		{86D7B6D4-762C-49EA-9FC9-5B39A4001548}.Debug|Any CPU.ActiveCfg = Debug|Any CPU
		{86D7B6D4-762C-49EA-9FC9-5B39A4001548}.Debug|Any CPU.Build.0 = Debug|Any CPU
		{86D7B6D4-762C-49EA-9FC9-5B39A4001548}.Release|Any CPU.ActiveCfg = Release|Any CPU
		{86D7B6D4-762C-49EA-9FC9-5B39A4001548}.Release|Any CPU.Build.0 = Release|Any CPU
	EndGlobalSection
	GlobalSection(SolutionProperties) = preSolution
		HideSolutionNode = FALSE
	EndGlobalSection
	GlobalSection(ExtensibilityGlobals) = postSolution
		SolutionGuid = {BD6A1C85-40CD-415D-9BFB-C7114DE47840}
	EndGlobalSection
EndGlobal
